
Microsoft Visual Studio Solution File, Format Version 12.00
# Visual Studio Version 17
VisualStudioVersion = 17.11.35208.52
MinimumVisualStudioVersion = 10.0.40219.1
Project("{9A19103F-16F7-4668-BE54-9A1E7A4F7556}") = "Problemas", "Problemas.csproj", "{A334DFEE-14C3-44DB-8B4A-3E5C3C5D3513}"
EndProject
Project("{FAE04EC0-301F-11D3-BF4B-00C04F79EFBC}") = "TestsTarea2", "..\TestsTarea2\TestsTarea2.csproj", "{A78721EE-B1B2-4EF5-BC55-2E585606288D}"
EndProject
Global
	GlobalSection(SolutionConfigurationPlatforms) = preSolution
		Debug|Any CPU = Debug|Any CPU
		Release|Any CPU = Release|Any CPU
	EndGlobalSection
	GlobalSection(ProjectConfigurationPlatforms) = postSolution
		{A334DFEE-14C3-44DB-8B4A-3E5C3C5D3513}.Debug|Any CPU.ActiveCfg = Debug|Any CPU
		{A334DFEE-14C3-44DB-8B4A-3E5C3C5D3513}.Debug|Any CPU.Build.0 = Debug|Any CPU
		{A334DFEE-14C3-44DB-8B4A-3E5C3C5D3513}.Release|Any CPU.ActiveCfg = Release|Any CPU
		{A334DFEE-14C3-44DB-8B4A-3E5C3C5D3513}.Release|Any CPU.Build.0 = Release|Any CPU
		{A78721EE-B1B2-4EF5-BC55-2E585606288D}.Debug|Any CPU.ActiveCfg = Debug|Any CPU
		{A78721EE-B1B2-4EF5-BC55-2E585606288D}.Debug|Any CPU.Build.0 = Debug|Any CPU
		{A78721EE-B1B2-4EF5-BC55-2E585606288D}.Release|Any CPU.ActiveCfg = Release|Any CPU
		{A78721EE-B1B2-4EF5-BC55-2E585606288D}.Release|Any CPU.Build.0 = Release|Any CPU
	EndGlobalSection
	GlobalSection(SolutionProperties) = preSolution
		HideSolutionNode = FALSE
	EndGlobalSection
	GlobalSection(ExtensibilityGlobals) = postSolution
		SolutionGuid = {EC19DEEB-D1BF-4F93-B1EE-C9670678723E}
	EndGlobalSection
EndGlobal
